
Microsoft Visual Studio Solution File, Format Version 12.00
# Visual Studio Version 16
VisualStudioVersion = 16.0.30011.22
MinimumVisualStudioVersion = 10.0.40219.1
Project("{FAE04EC0-301F-11D3-BF4B-00C04F79EFBC}") = "MasterDetail.Android", "MasterDetail\MasterDetail.Android\MasterDetail.Android.csproj", "{0F25BC38-2B8D-4E6C-B5E1-BB4327035108}"
EndProject
Project("{FAE04EC0-301F-11D3-BF4B-00C04F79EFBC}") = "MasterDetail.iOS", "MasterDetail\MasterDetail.iOS\MasterDetail.iOS.csproj", "{65E97AEB-59C6-415D-90DB-620DDC06908A}"
EndProject
Project("{FAE04EC0-301F-11D3-BF4B-00C04F79EFBC}") = "MasterDetail", "MasterDetail\MasterDetail\MasterDetail.csproj", "{CC0DE58C-B3EC-46FC-8A12-7357770E090C}"
EndProject
Global
	GlobalSection(SolutionConfigurationPlatforms) = preSolution
		Debug|Any CPU = Debug|Any CPU
		Debug|iPhone = Debug|iPhone
		Debug|iPhoneSimulator = Debug|iPhoneSimulator
		Release|Any CPU = Release|Any CPU
		Release|iPhone = Release|iPhone
		Release|iPhoneSimulator = Release|iPhoneSimulator
	EndGlobalSection
	GlobalSection(ProjectConfigurationPlatforms) = postSolution
		{0F25BC38-2B8D-4E6C-B5E1-BB4327035108}.Debug|Any CPU.ActiveCfg = Debug|Any CPU
		{0F25BC38-2B8D-4E6C-B5E1-BB4327035108}.Debug|Any CPU.Build.0 = Debug|Any CPU
		{0F25BC38-2B8D-4E6C-B5E1-BB4327035108}.Debug|Any CPU.Deploy.0 = Debug|Any CPU
		{0F25BC38-2B8D-4E6C-B5E1-BB4327035108}.Debug|iPhone.ActiveCfg = Debug|Any CPU
		{0F25BC38-2B8D-4E6C-B5E1-BB4327035108}.Debug|iPhone.Build.0 = Debug|Any CPU
		{0F25BC38-2B8D-4E6C-B5E1-BB4327035108}.Debug|iPhone.Deploy.0 = Debug|Any CPU
		{0F25BC38-2B8D-4E6C-B5E1-BB4327035108}.Debug|iPhoneSimulator.ActiveCfg = Debug|Any CPU
		{0F25BC38-2B8D-4E6C-B5E1-BB4327035108}.Debug|iPhoneSimulator.Build.0 = Debug|Any CPU
		{0F25BC38-2B8D-4E6C-B5E1-BB4327035108}.Debug|iPhoneSimulator.Deploy.0 = Debug|Any CPU
		{0F25BC38-2B8D-4E6C-B5E1-BB4327035108}.Release|Any CPU.ActiveCfg = Release|Any CPU
		{0F25BC38-2B8D-4E6C-B5E1-BB4327035108}.Release|Any CPU.Build.0 = Release|Any CPU
		{0F25BC38-2B8D-4E6C-B5E1-BB4327035108}.Release|Any CPU.Deploy.0 = Release|Any CPU
		{0F25BC38-2B8D-4E6C-B5E1-BB4327035108}.Release|iPhone.ActiveCfg = Release|Any CPU
		{0F25BC38-2B8D-4E6C-B5E1-BB4327035108}.Release|iPhone.Build.0 = Release|Any CPU
		{0F25BC38-2B8D-4E6C-B5E1-BB4327035108}.Release|iPhone.Deploy.0 = Release|Any CPU
		{0F25BC38-2B8D-4E6C-B5E1-BB4327035108}.Release|iPhoneSimulator.ActiveCfg = Release|Any CPU
		{0F25BC38-2B8D-4E6C-B5E1-BB4327035108}.Release|iPhoneSimulator.Build.0 = Release|Any CPU
		{0F25BC38-2B8D-4E6C-B5E1-BB4327035108}.Release|iPhoneSimulator.Deploy.0 = Release|Any CPU
		{65E97AEB-59C6-415D-90DB-620DDC06908A}.Debug|Any CPU.ActiveCfg = Debug|iPhone
		{65E97AEB-59C6-415D-90DB-620DDC06908A}.Debug|Any CPU.Build.0 = Debug|iPhone
		{65E97AEB-59C6-415D-90DB-620DDC06908A}.Debug|Any CPU.Deploy.0 = Debug|iPhone
		{65E97AEB-59C6-415D-90DB-620DDC06908A}.Debug|iPhone.ActiveCfg = Debug|iPhone
		{65E97AEB-59C6-415D-90DB-620DDC06908A}.Debug|iPhone.Build.0 = Debug|iPhone
		{65E97AEB-59C6-415D-90DB-620DDC06908A}.Debug|iPhone.Deploy.0 = Debug|iPhone
		{65E97AEB-59C6-415D-90DB-620DDC06908A}.Debug|iPhoneSimulator.ActiveCfg = Debug|iPhoneSimulator
		{65E97AEB-59C6-415D-90DB-620DDC06908A}.Debug|iPhoneSimulator.Build.0 = Debug|iPhoneSimulator
		{65E97AEB-59C6-415D-90DB-620DDC06908A}.Debug|iPhoneSimulator.Deploy.0 = Debug|iPhoneSimulator
		{65E97AEB-59C6-415D-90DB-620DDC06908A}.Release|Any CPU.ActiveCfg = Release|iPhone
		{65E97AEB-59C6-415D-90DB-620DDC06908A}.Release|Any CPU.Build.0 = Release|iPhone
		{65E97AEB-59C6-415D-90DB-620DDC06908A}.Release|Any CPU.Deploy.0 = Release|iPhone
		{65E97AEB-59C6-415D-90DB-620DDC06908A}.Release|iPhone.ActiveCfg = Release|iPhone
		{65E97AEB-59C6-415D-90DB-620DDC06908A}.Release|iPhone.Build.0 = Release|iPhone
		{65E97AEB-59C6-415D-90DB-620DDC06908A}.Release|iPhone.Deploy.0 = Release|iPhone
		{65E97AEB-59C6-415D-90DB-620DDC06908A}.Release|iPhoneSimulator.ActiveCfg = Release|iPhoneSimulator
		{65E97AEB-59C6-415D-90DB-620DDC06908A}.Release|iPhoneSimulator.Build.0 = Release|iPhoneSimulator
		{65E97AEB-59C6-415D-90DB-620DDC06908A}.Release|iPhoneSimulator.Deploy.0 = Release|iPhoneSimulator
		{CC0DE58C-B3EC-46FC-8A12-7357770E090C}.Debug|Any CPU.ActiveCfg = Debug|Any CPU
		{CC0DE58C-B3EC-46FC-8A12-7357770E090C}.Debug|Any CPU.Build.0 = Debug|Any CPU
		{CC0DE58C-B3EC-46FC-8A12-7357770E090C}.Debug|Any CPU.Deploy.0 = Debug|Any CPU
		{CC0DE58C-B3EC-46FC-8A12-7357770E090C}.Debug|iPhone.ActiveCfg = Debug|Any CPU
		{CC0DE58C-B3EC-46FC-8A12-7357770E090C}.Debug|iPhone.Build.0 = Debug|Any CPU
		{CC0DE58C-B3EC-46FC-8A12-7357770E090C}.Debug|iPhone.Deploy.0 = Debug|Any CPU
		{CC0DE58C-B3EC-46FC-8A12-7357770E090C}.Debug|iPhoneSimulator.ActiveCfg = Debug|Any CPU
		{CC0DE58C-B3EC-46FC-8A12-7357770E090C}.Debug|iPhoneSimulator.Build.0 = Debug|Any CPU
		{CC0DE58C-B3EC-46FC-8A12-7357770E090C}.Debug|iPhoneSimulator.Deploy.0 = Debug|Any CPU
		{CC0DE58C-B3EC-46FC-8A12-7357770E090C}.Release|Any CPU.ActiveCfg = Release|Any CPU
		{CC0DE58C-B3EC-46FC-8A12-7357770E090C}.Release|Any CPU.Build.0 = Release|Any CPU
		{CC0DE58C-B3EC-46FC-8A12-7357770E090C}.Release|Any CPU.Deploy.0 = Release|Any CPU
		{CC0DE58C-B3EC-46FC-8A12-7357770E090C}.Release|iPhone.ActiveCfg = Release|Any CPU
		{CC0DE58C-B3EC-46FC-8A12-7357770E090C}.Release|iPhone.Build.0 = Release|Any CPU
		{CC0DE58C-B3EC-46FC-8A12-7357770E090C}.Release|iPhone.Deploy.0 = Release|Any CPU
		{CC0DE58C-B3EC-46FC-8A12-7357770E090C}.Release|iPhoneSimulator.ActiveCfg = Release|Any CPU
		{CC0DE58C-B3EC-46FC-8A12-7357770E090C}.Release|iPhoneSimulator.Build.0 = Release|Any CPU
		{CC0DE58C-B3EC-46FC-8A12-7357770E090C}.Release|iPhoneSimulator.Deploy.0 = Release|Any CPU
	EndGlobalSection
	GlobalSection(SolutionProperties) = preSolution
		HideSolutionNode = FALSE
	EndGlobalSection
	GlobalSection(ExtensibilityGlobals) = postSolution
		SolutionGuid = {19F2757A-D052-40E6-8791-DCED612FF8CB}
	EndGlobalSection
EndGlobal
